
Microsoft Visual Studio Solution File, Format Version 12.00
# Visual Studio 2012
Project("{FAE04EC0-301F-11D3-BF4B-00C04F79EFBC}") = "Automat10", "Automat10\Automat10.csproj", "{1677EFE5-EFF7-41F9-B1A6-984F80C9470B}"
EndProject
Global
	GlobalSection(SolutionConfigurationPlatforms) = preSolution
		Debug|Any CPU = Debug|Any CPU
		Release|Any CPU = Release|Any CPU
	EndGlobalSection
	GlobalSection(ProjectConfigurationPlatforms) = postSolution
		{1677EFE5-EFF7-41F9-B1A6-984F80C9470B}.Debug|Any CPU.ActiveCfg = Debug|Any CPU
		{1677EFE5-EFF7-41F9-B1A6-984F80C9470B}.Debug|Any CPU.Build.0 = Debug|Any CPU
		{1677EFE5-EFF7-41F9-B1A6-984F80C9470B}.Release|Any CPU.ActiveCfg = Release|Any CPU
		{1677EFE5-EFF7-41F9-B1A6-984F80C9470B}.Release|Any CPU.Build.0 = Release|Any CPU
	EndGlobalSection
	GlobalSection(SolutionProperties) = preSolution
		HideSolutionNode = FALSE
	EndGlobalSection
EndGlobal
