
Microsoft Visual Studio Solution File, Format Version 12.00
# Visual Studio 2012
Project("{FAE04EC0-301F-11D3-BF4B-00C04F79EFBC}") = "arrow_ali", "arrow_ali\arrow_ali.csproj", "{A63AFE53-2AC2-49B0-AD43-00195A6CCD76}"
EndProject
Global
	GlobalSection(SolutionConfigurationPlatforms) = preSolution
		Debug|Any CPU = Debug|Any CPU
		Release|Any CPU = Release|Any CPU
	EndGlobalSection
	GlobalSection(ProjectConfigurationPlatforms) = postSolution
		{A63AFE53-2AC2-49B0-AD43-00195A6CCD76}.Debug|Any CPU.ActiveCfg = Debug|Any CPU
		{A63AFE53-2AC2-49B0-AD43-00195A6CCD76}.Debug|Any CPU.Build.0 = Debug|Any CPU
		{A63AFE53-2AC2-49B0-AD43-00195A6CCD76}.Release|Any CPU.ActiveCfg = Release|Any CPU
		{A63AFE53-2AC2-49B0-AD43-00195A6CCD76}.Release|Any CPU.Build.0 = Release|Any CPU
	EndGlobalSection
	GlobalSection(SolutionProperties) = preSolution
		HideSolutionNode = FALSE
	EndGlobalSection
EndGlobal
