
Microsoft Visual Studio Solution File, Format Version 12.00
# Visual Studio 2012
Project("{FAE04EC0-301F-11D3-BF4B-00C04F79EFBC}") = "uniqueArray", "uniqueArray\uniqueArray.csproj", "{E46F126E-897B-4007-B5FB-CFAB7449716A}"
EndProject
Global
	GlobalSection(SolutionConfigurationPlatforms) = preSolution
		Debug|Any CPU = Debug|Any CPU
		Release|Any CPU = Release|Any CPU
	EndGlobalSection
	GlobalSection(ProjectConfigurationPlatforms) = postSolution
		{E46F126E-897B-4007-B5FB-CFAB7449716A}.Debug|Any CPU.ActiveCfg = Debug|Any CPU
		{E46F126E-897B-4007-B5FB-CFAB7449716A}.Debug|Any CPU.Build.0 = Debug|Any CPU
		{E46F126E-897B-4007-B5FB-CFAB7449716A}.Release|Any CPU.ActiveCfg = Release|Any CPU
		{E46F126E-897B-4007-B5FB-CFAB7449716A}.Release|Any CPU.Build.0 = Release|Any CPU
	EndGlobalSection
	GlobalSection(SolutionProperties) = preSolution
		HideSolutionNode = FALSE
	EndGlobalSection
EndGlobal
