
Microsoft Visual Studio Solution File, Format Version 12.00
# Visual Studio 2012
Project("{FAE04EC0-301F-11D3-BF4B-00C04F79EFBC}") = "gcdlcm", "gcdlcm\gcdlcm.csproj", "{6C69FC14-21F5-468F-A3D1-EE167C467CEE}"
EndProject
Global
	GlobalSection(SolutionConfigurationPlatforms) = preSolution
		Debug|Any CPU = Debug|Any CPU
		Release|Any CPU = Release|Any CPU
	EndGlobalSection
	GlobalSection(ProjectConfigurationPlatforms) = postSolution
		{6C69FC14-21F5-468F-A3D1-EE167C467CEE}.Debug|Any CPU.ActiveCfg = Debug|Any CPU
		{6C69FC14-21F5-468F-A3D1-EE167C467CEE}.Debug|Any CPU.Build.0 = Debug|Any CPU
		{6C69FC14-21F5-468F-A3D1-EE167C467CEE}.Release|Any CPU.ActiveCfg = Release|Any CPU
		{6C69FC14-21F5-468F-A3D1-EE167C467CEE}.Release|Any CPU.Build.0 = Release|Any CPU
	EndGlobalSection
	GlobalSection(SolutionProperties) = preSolution
		HideSolutionNode = FALSE
	EndGlobalSection
EndGlobal
