
Microsoft Visual Studio Solution File, Format Version 12.00
# Visual Studio 2012
Project("{FAE04EC0-301F-11D3-BF4B-00C04F79EFBC}") = "ConsoleApplication52", "ConsoleApplication52\ConsoleApplication52.csproj", "{D7F203DB-054F-4775-B5E8-49158F18124B}"
EndProject
Global
	GlobalSection(SolutionConfigurationPlatforms) = preSolution
		Debug|Any CPU = Debug|Any CPU
		Release|Any CPU = Release|Any CPU
	EndGlobalSection
	GlobalSection(ProjectConfigurationPlatforms) = postSolution
		{D7F203DB-054F-4775-B5E8-49158F18124B}.Debug|Any CPU.ActiveCfg = Debug|Any CPU
		{D7F203DB-054F-4775-B5E8-49158F18124B}.Debug|Any CPU.Build.0 = Debug|Any CPU
		{D7F203DB-054F-4775-B5E8-49158F18124B}.Release|Any CPU.ActiveCfg = Release|Any CPU
		{D7F203DB-054F-4775-B5E8-49158F18124B}.Release|Any CPU.Build.0 = Release|Any CPU
	EndGlobalSection
	GlobalSection(SolutionProperties) = preSolution
		HideSolutionNode = FALSE
	EndGlobalSection
EndGlobal
