
Microsoft Visual Studio Solution File, Format Version 12.00
# Visual Studio 2012
Project("{FAE04EC0-301F-11D3-BF4B-00C04F79EFBC}") = "ConsoleApplication60", "ConsoleApplication60\ConsoleApplication60.csproj", "{EECA8915-C078-404F-A6DE-25992B0DC916}"
EndProject
Global
	GlobalSection(SolutionConfigurationPlatforms) = preSolution
		Debug|Any CPU = Debug|Any CPU
		Release|Any CPU = Release|Any CPU
	EndGlobalSection
	GlobalSection(ProjectConfigurationPlatforms) = postSolution
		{EECA8915-C078-404F-A6DE-25992B0DC916}.Debug|Any CPU.ActiveCfg = Debug|Any CPU
		{EECA8915-C078-404F-A6DE-25992B0DC916}.Debug|Any CPU.Build.0 = Debug|Any CPU
		{EECA8915-C078-404F-A6DE-25992B0DC916}.Release|Any CPU.ActiveCfg = Release|Any CPU
		{EECA8915-C078-404F-A6DE-25992B0DC916}.Release|Any CPU.Build.0 = Release|Any CPU
	EndGlobalSection
	GlobalSection(SolutionProperties) = preSolution
		HideSolutionNode = FALSE
	EndGlobalSection
EndGlobal
