
Microsoft Visual Studio Solution File, Format Version 12.00
# Visual Studio 2012
Project("{FAE04EC0-301F-11D3-BF4B-00C04F79EFBC}") = "magic square", "magic square\magic square.csproj", "{180D75E3-772F-4A3C-BD61-2B479D42109D}"
EndProject
Global
	GlobalSection(SolutionConfigurationPlatforms) = preSolution
		Debug|Any CPU = Debug|Any CPU
		Release|Any CPU = Release|Any CPU
	EndGlobalSection
	GlobalSection(ProjectConfigurationPlatforms) = postSolution
		{180D75E3-772F-4A3C-BD61-2B479D42109D}.Debug|Any CPU.ActiveCfg = Debug|Any CPU
		{180D75E3-772F-4A3C-BD61-2B479D42109D}.Debug|Any CPU.Build.0 = Debug|Any CPU
		{180D75E3-772F-4A3C-BD61-2B479D42109D}.Release|Any CPU.ActiveCfg = Release|Any CPU
		{180D75E3-772F-4A3C-BD61-2B479D42109D}.Release|Any CPU.Build.0 = Release|Any CPU
	EndGlobalSection
	GlobalSection(SolutionProperties) = preSolution
		HideSolutionNode = FALSE
	EndGlobalSection
EndGlobal
