
Microsoft Visual Studio Solution File, Format Version 12.00
# Visual Studio 2012
Project("{FAE04EC0-301F-11D3-BF4B-00C04F79EFBC}") = "ConsoleApplication27", "ConsoleApplication27\ConsoleApplication27.csproj", "{704EF496-1A61-46D9-B775-034F323F9FDB}"
EndProject
Global
	GlobalSection(SolutionConfigurationPlatforms) = preSolution
		Debug|Any CPU = Debug|Any CPU
		Release|Any CPU = Release|Any CPU
	EndGlobalSection
	GlobalSection(ProjectConfigurationPlatforms) = postSolution
		{704EF496-1A61-46D9-B775-034F323F9FDB}.Debug|Any CPU.ActiveCfg = Debug|Any CPU
		{704EF496-1A61-46D9-B775-034F323F9FDB}.Debug|Any CPU.Build.0 = Debug|Any CPU
		{704EF496-1A61-46D9-B775-034F323F9FDB}.Release|Any CPU.ActiveCfg = Release|Any CPU
		{704EF496-1A61-46D9-B775-034F323F9FDB}.Release|Any CPU.Build.0 = Release|Any CPU
	EndGlobalSection
	GlobalSection(SolutionProperties) = preSolution
		HideSolutionNode = FALSE
	EndGlobalSection
EndGlobal
