
Microsoft Visual Studio Solution File, Format Version 12.00
# Visual Studio 2012
Project("{FAE04EC0-301F-11D3-BF4B-00C04F79EFBC}") = "factorial", "factorial\factorial.csproj", "{D10357F3-7FFE-4009-9E64-E19355790EAC}"
EndProject
Global
	GlobalSection(SolutionConfigurationPlatforms) = preSolution
		Debug|Any CPU = Debug|Any CPU
		Release|Any CPU = Release|Any CPU
	EndGlobalSection
	GlobalSection(ProjectConfigurationPlatforms) = postSolution
		{D10357F3-7FFE-4009-9E64-E19355790EAC}.Debug|Any CPU.ActiveCfg = Debug|Any CPU
		{D10357F3-7FFE-4009-9E64-E19355790EAC}.Debug|Any CPU.Build.0 = Debug|Any CPU
		{D10357F3-7FFE-4009-9E64-E19355790EAC}.Release|Any CPU.ActiveCfg = Release|Any CPU
		{D10357F3-7FFE-4009-9E64-E19355790EAC}.Release|Any CPU.Build.0 = Release|Any CPU
	EndGlobalSection
	GlobalSection(SolutionProperties) = preSolution
		HideSolutionNode = FALSE
	EndGlobalSection
EndGlobal
