
Microsoft Visual Studio Solution File, Format Version 12.00
# Visual Studio 2012
Project("{FAE04EC0-301F-11D3-BF4B-00C04F79EFBC}") = "StudentsMarks2D", "StudentsMarks2D\StudentsMarks2D.csproj", "{A1B9021E-A708-40B9-965A-AE07E7EFF7E4}"
EndProject
Global
	GlobalSection(SolutionConfigurationPlatforms) = preSolution
		Debug|Any CPU = Debug|Any CPU
		Release|Any CPU = Release|Any CPU
	EndGlobalSection
	GlobalSection(ProjectConfigurationPlatforms) = postSolution
		{A1B9021E-A708-40B9-965A-AE07E7EFF7E4}.Debug|Any CPU.ActiveCfg = Debug|Any CPU
		{A1B9021E-A708-40B9-965A-AE07E7EFF7E4}.Debug|Any CPU.Build.0 = Debug|Any CPU
		{A1B9021E-A708-40B9-965A-AE07E7EFF7E4}.Release|Any CPU.ActiveCfg = Release|Any CPU
		{A1B9021E-A708-40B9-965A-AE07E7EFF7E4}.Release|Any CPU.Build.0 = Release|Any CPU
	EndGlobalSection
	GlobalSection(SolutionProperties) = preSolution
		HideSolutionNode = FALSE
	EndGlobalSection
EndGlobal
