
Microsoft Visual Studio Solution File, Format Version 12.00
# Visual Studio 2012
Project("{FAE04EC0-301F-11D3-BF4B-00C04F79EFBC}") = "fruit(instance of)", "fruit(instance of)\fruit(instance of).csproj", "{DBDED109-3C16-4F46-9BA3-D341D91445C6}"
EndProject
Global
	GlobalSection(SolutionConfigurationPlatforms) = preSolution
		Debug|Any CPU = Debug|Any CPU
		Release|Any CPU = Release|Any CPU
	EndGlobalSection
	GlobalSection(ProjectConfigurationPlatforms) = postSolution
		{DBDED109-3C16-4F46-9BA3-D341D91445C6}.Debug|Any CPU.ActiveCfg = Debug|Any CPU
		{DBDED109-3C16-4F46-9BA3-D341D91445C6}.Debug|Any CPU.Build.0 = Debug|Any CPU
		{DBDED109-3C16-4F46-9BA3-D341D91445C6}.Release|Any CPU.ActiveCfg = Release|Any CPU
		{DBDED109-3C16-4F46-9BA3-D341D91445C6}.Release|Any CPU.Build.0 = Release|Any CPU
	EndGlobalSection
	GlobalSection(SolutionProperties) = preSolution
		HideSolutionNode = FALSE
	EndGlobalSection
EndGlobal
