
Microsoft Visual Studio Solution File, Format Version 12.00
# Visual Studio 2012
Project("{FAE04EC0-301F-11D3-BF4B-00C04F79EFBC}") = "lamExp1", "lamExp1\lamExp1.csproj", "{4989FF9A-3373-4008-9E56-45FB7A4FC10D}"
EndProject
Global
	GlobalSection(SolutionConfigurationPlatforms) = preSolution
		Debug|Any CPU = Debug|Any CPU
		Release|Any CPU = Release|Any CPU
	EndGlobalSection
	GlobalSection(ProjectConfigurationPlatforms) = postSolution
		{4989FF9A-3373-4008-9E56-45FB7A4FC10D}.Debug|Any CPU.ActiveCfg = Debug|Any CPU
		{4989FF9A-3373-4008-9E56-45FB7A4FC10D}.Debug|Any CPU.Build.0 = Debug|Any CPU
		{4989FF9A-3373-4008-9E56-45FB7A4FC10D}.Release|Any CPU.ActiveCfg = Release|Any CPU
		{4989FF9A-3373-4008-9E56-45FB7A4FC10D}.Release|Any CPU.Build.0 = Release|Any CPU
	EndGlobalSection
	GlobalSection(SolutionProperties) = preSolution
		HideSolutionNode = FALSE
	EndGlobalSection
EndGlobal
