
Microsoft Visual Studio Solution File, Format Version 12.00
# Visual Studio 2012
Project("{FAE04EC0-301F-11D3-BF4B-00C04F79EFBC}") = "Calculator", "Calculator\Calculator.csproj", "{EA624017-E613-424D-891D-2ED982F6289A}"
EndProject
Global
	GlobalSection(SolutionConfigurationPlatforms) = preSolution
		Debug|Any CPU = Debug|Any CPU
		Release|Any CPU = Release|Any CPU
	EndGlobalSection
	GlobalSection(ProjectConfigurationPlatforms) = postSolution
		{EA624017-E613-424D-891D-2ED982F6289A}.Debug|Any CPU.ActiveCfg = Debug|Any CPU
		{EA624017-E613-424D-891D-2ED982F6289A}.Debug|Any CPU.Build.0 = Debug|Any CPU
		{EA624017-E613-424D-891D-2ED982F6289A}.Release|Any CPU.ActiveCfg = Release|Any CPU
		{EA624017-E613-424D-891D-2ED982F6289A}.Release|Any CPU.Build.0 = Release|Any CPU
	EndGlobalSection
	GlobalSection(SolutionProperties) = preSolution
		HideSolutionNode = FALSE
	EndGlobalSection
EndGlobal
