
Microsoft Visual Studio Solution File, Format Version 12.00
# Visual Studio 2012
Project("{FAE04EC0-301F-11D3-BF4B-00C04F79EFBC}") = "switch", "switch\switch.csproj", "{927AD76A-EFB9-4CA6-AC4B-DE5E2E176802}"
EndProject
Global
	GlobalSection(SolutionConfigurationPlatforms) = preSolution
		Debug|Any CPU = Debug|Any CPU
		Release|Any CPU = Release|Any CPU
	EndGlobalSection
	GlobalSection(ProjectConfigurationPlatforms) = postSolution
		{927AD76A-EFB9-4CA6-AC4B-DE5E2E176802}.Debug|Any CPU.ActiveCfg = Debug|Any CPU
		{927AD76A-EFB9-4CA6-AC4B-DE5E2E176802}.Debug|Any CPU.Build.0 = Debug|Any CPU
		{927AD76A-EFB9-4CA6-AC4B-DE5E2E176802}.Release|Any CPU.ActiveCfg = Release|Any CPU
		{927AD76A-EFB9-4CA6-AC4B-DE5E2E176802}.Release|Any CPU.Build.0 = Release|Any CPU
	EndGlobalSection
	GlobalSection(SolutionProperties) = preSolution
		HideSolutionNode = FALSE
	EndGlobalSection
EndGlobal
