
Microsoft Visual Studio Solution File, Format Version 12.00
# Visual Studio 2012
Project("{FAE04EC0-301F-11D3-BF4B-00C04F79EFBC}") = "fabnoci series", "fabnoci series\fabnoci series.csproj", "{9819A299-E57D-453A-988D-5E6779914460}"
EndProject
Global
	GlobalSection(SolutionConfigurationPlatforms) = preSolution
		Debug|Any CPU = Debug|Any CPU
		Release|Any CPU = Release|Any CPU
	EndGlobalSection
	GlobalSection(ProjectConfigurationPlatforms) = postSolution
		{9819A299-E57D-453A-988D-5E6779914460}.Debug|Any CPU.ActiveCfg = Debug|Any CPU
		{9819A299-E57D-453A-988D-5E6779914460}.Debug|Any CPU.Build.0 = Debug|Any CPU
		{9819A299-E57D-453A-988D-5E6779914460}.Release|Any CPU.ActiveCfg = Release|Any CPU
		{9819A299-E57D-453A-988D-5E6779914460}.Release|Any CPU.Build.0 = Release|Any CPU
	EndGlobalSection
	GlobalSection(SolutionProperties) = preSolution
		HideSolutionNode = FALSE
	EndGlobalSection
EndGlobal
