
Microsoft Visual Studio Solution File, Format Version 12.00
# Visual Studio 2012
Project("{FAE04EC0-301F-11D3-BF4B-00C04F79EFBC}") = "Botique_sell", "Botique_sell\Botique_sell.csproj", "{154F81F5-5C6A-4FAE-9D0D-CB729E15FDDE}"
EndProject
Global
	GlobalSection(SolutionConfigurationPlatforms) = preSolution
		Debug|Any CPU = Debug|Any CPU
		Release|Any CPU = Release|Any CPU
	EndGlobalSection
	GlobalSection(ProjectConfigurationPlatforms) = postSolution
		{154F81F5-5C6A-4FAE-9D0D-CB729E15FDDE}.Debug|Any CPU.ActiveCfg = Debug|Any CPU
		{154F81F5-5C6A-4FAE-9D0D-CB729E15FDDE}.Debug|Any CPU.Build.0 = Debug|Any CPU
		{154F81F5-5C6A-4FAE-9D0D-CB729E15FDDE}.Release|Any CPU.ActiveCfg = Release|Any CPU
		{154F81F5-5C6A-4FAE-9D0D-CB729E15FDDE}.Release|Any CPU.Build.0 = Release|Any CPU
	EndGlobalSection
	GlobalSection(SolutionProperties) = preSolution
		HideSolutionNode = FALSE
	EndGlobalSection
EndGlobal
