
Microsoft Visual Studio Solution File, Format Version 12.00
# Visual Studio 2012
Project("{FAE04EC0-301F-11D3-BF4B-00C04F79EFBC}") = "RandomString", "RandomString\RandomString.csproj", "{137269A5-5A98-414B-9F27-84C861F30AF5}"
EndProject
Global
	GlobalSection(SolutionConfigurationPlatforms) = preSolution
		Debug|Any CPU = Debug|Any CPU
		Release|Any CPU = Release|Any CPU
	EndGlobalSection
	GlobalSection(ProjectConfigurationPlatforms) = postSolution
		{137269A5-5A98-414B-9F27-84C861F30AF5}.Debug|Any CPU.ActiveCfg = Debug|Any CPU
		{137269A5-5A98-414B-9F27-84C861F30AF5}.Debug|Any CPU.Build.0 = Debug|Any CPU
		{137269A5-5A98-414B-9F27-84C861F30AF5}.Release|Any CPU.ActiveCfg = Release|Any CPU
		{137269A5-5A98-414B-9F27-84C861F30AF5}.Release|Any CPU.Build.0 = Release|Any CPU
	EndGlobalSection
	GlobalSection(SolutionProperties) = preSolution
		HideSolutionNode = FALSE
	EndGlobalSection
EndGlobal
