
Microsoft Visual Studio Solution File, Format Version 12.00
# Visual Studio 2012
Project("{FAE04EC0-301F-11D3-BF4B-00C04F79EFBC}") = "line_change", "line_change\line_change.csproj", "{192C8C14-C95C-42CB-8B5A-AA9C30696540}"
EndProject
Global
	GlobalSection(SolutionConfigurationPlatforms) = preSolution
		Debug|Any CPU = Debug|Any CPU
		Release|Any CPU = Release|Any CPU
	EndGlobalSection
	GlobalSection(ProjectConfigurationPlatforms) = postSolution
		{192C8C14-C95C-42CB-8B5A-AA9C30696540}.Debug|Any CPU.ActiveCfg = Debug|Any CPU
		{192C8C14-C95C-42CB-8B5A-AA9C30696540}.Debug|Any CPU.Build.0 = Debug|Any CPU
		{192C8C14-C95C-42CB-8B5A-AA9C30696540}.Release|Any CPU.ActiveCfg = Release|Any CPU
		{192C8C14-C95C-42CB-8B5A-AA9C30696540}.Release|Any CPU.Build.0 = Release|Any CPU
	EndGlobalSection
	GlobalSection(SolutionProperties) = preSolution
		HideSolutionNode = FALSE
	EndGlobalSection
EndGlobal
