
Microsoft Visual Studio Solution File, Format Version 12.00
# Visual Studio 2012
Project("{FAE04EC0-301F-11D3-BF4B-00C04F79EFBC}") = "lamExp2", "lamExp2\lamExp2.csproj", "{D04C10AB-C541-45D2-A6DB-DACBB54F30FA}"
EndProject
Global
	GlobalSection(SolutionConfigurationPlatforms) = preSolution
		Debug|Any CPU = Debug|Any CPU
		Release|Any CPU = Release|Any CPU
	EndGlobalSection
	GlobalSection(ProjectConfigurationPlatforms) = postSolution
		{D04C10AB-C541-45D2-A6DB-DACBB54F30FA}.Debug|Any CPU.ActiveCfg = Debug|Any CPU
		{D04C10AB-C541-45D2-A6DB-DACBB54F30FA}.Debug|Any CPU.Build.0 = Debug|Any CPU
		{D04C10AB-C541-45D2-A6DB-DACBB54F30FA}.Release|Any CPU.ActiveCfg = Release|Any CPU
		{D04C10AB-C541-45D2-A6DB-DACBB54F30FA}.Release|Any CPU.Build.0 = Release|Any CPU
	EndGlobalSection
	GlobalSection(SolutionProperties) = preSolution
		HideSolutionNode = FALSE
	EndGlobalSection
EndGlobal
