
Microsoft Visual Studio Solution File, Format Version 12.00
# Visual Studio 2012
Project("{FAE04EC0-301F-11D3-BF4B-00C04F79EFBC}") = "DataBaseDemo1", "DataBaseDemo1\DataBaseDemo1.csproj", "{13D6243F-2D85-4545-AECE-073E2D4278FD}"
EndProject
Global
	GlobalSection(SolutionConfigurationPlatforms) = preSolution
		Debug|Any CPU = Debug|Any CPU
		Release|Any CPU = Release|Any CPU
	EndGlobalSection
	GlobalSection(ProjectConfigurationPlatforms) = postSolution
		{13D6243F-2D85-4545-AECE-073E2D4278FD}.Debug|Any CPU.ActiveCfg = Debug|Any CPU
		{13D6243F-2D85-4545-AECE-073E2D4278FD}.Debug|Any CPU.Build.0 = Debug|Any CPU
		{13D6243F-2D85-4545-AECE-073E2D4278FD}.Release|Any CPU.ActiveCfg = Release|Any CPU
		{13D6243F-2D85-4545-AECE-073E2D4278FD}.Release|Any CPU.Build.0 = Release|Any CPU
	EndGlobalSection
	GlobalSection(SolutionProperties) = preSolution
		HideSolutionNode = FALSE
	EndGlobalSection
EndGlobal
