
Microsoft Visual Studio Solution File, Format Version 12.00
# Visual Studio 2012
Project("{FAE04EC0-301F-11D3-BF4B-00C04F79EFBC}") = "SUNDAS_ASSIGNMENT", "SUNDAS_ASSIGNMENT\SUNDAS_ASSIGNMENT.csproj", "{BBBA8ABE-8F66-41C6-AB69-F203D57CAF72}"
EndProject
Global
	GlobalSection(SolutionConfigurationPlatforms) = preSolution
		Debug|Any CPU = Debug|Any CPU
		Release|Any CPU = Release|Any CPU
	EndGlobalSection
	GlobalSection(ProjectConfigurationPlatforms) = postSolution
		{BBBA8ABE-8F66-41C6-AB69-F203D57CAF72}.Debug|Any CPU.ActiveCfg = Debug|Any CPU
		{BBBA8ABE-8F66-41C6-AB69-F203D57CAF72}.Debug|Any CPU.Build.0 = Debug|Any CPU
		{BBBA8ABE-8F66-41C6-AB69-F203D57CAF72}.Release|Any CPU.ActiveCfg = Release|Any CPU
		{BBBA8ABE-8F66-41C6-AB69-F203D57CAF72}.Release|Any CPU.Build.0 = Release|Any CPU
	EndGlobalSection
	GlobalSection(SolutionProperties) = preSolution
		HideSolutionNode = FALSE
	EndGlobalSection
EndGlobal
