
Microsoft Visual Studio Solution File, Format Version 12.00
# Visual Studio 2012
Project("{FAE04EC0-301F-11D3-BF4B-00C04F79EFBC}") = "char_loop", "char_loop\char_loop.csproj", "{5EE58AF4-FCA9-4C4F-9346-BB4084437DE3}"
EndProject
Global
	GlobalSection(SolutionConfigurationPlatforms) = preSolution
		Debug|Any CPU = Debug|Any CPU
		Release|Any CPU = Release|Any CPU
	EndGlobalSection
	GlobalSection(ProjectConfigurationPlatforms) = postSolution
		{5EE58AF4-FCA9-4C4F-9346-BB4084437DE3}.Debug|Any CPU.ActiveCfg = Debug|Any CPU
		{5EE58AF4-FCA9-4C4F-9346-BB4084437DE3}.Debug|Any CPU.Build.0 = Debug|Any CPU
		{5EE58AF4-FCA9-4C4F-9346-BB4084437DE3}.Release|Any CPU.ActiveCfg = Release|Any CPU
		{5EE58AF4-FCA9-4C4F-9346-BB4084437DE3}.Release|Any CPU.Build.0 = Release|Any CPU
	EndGlobalSection
	GlobalSection(SolutionProperties) = preSolution
		HideSolutionNode = FALSE
	EndGlobalSection
EndGlobal
