
Microsoft Visual Studio Solution File, Format Version 12.00
# Visual Studio 2012
Project("{FAE04EC0-301F-11D3-BF4B-00C04F79EFBC}") = "pracglobal", "pracglobal\pracglobal.csproj", "{744411E3-9DF8-4813-AD74-BF2509EF1655}"
EndProject
Global
	GlobalSection(SolutionConfigurationPlatforms) = preSolution
		Debug|Any CPU = Debug|Any CPU
		Release|Any CPU = Release|Any CPU
	EndGlobalSection
	GlobalSection(ProjectConfigurationPlatforms) = postSolution
		{744411E3-9DF8-4813-AD74-BF2509EF1655}.Debug|Any CPU.ActiveCfg = Debug|Any CPU
		{744411E3-9DF8-4813-AD74-BF2509EF1655}.Debug|Any CPU.Build.0 = Debug|Any CPU
		{744411E3-9DF8-4813-AD74-BF2509EF1655}.Release|Any CPU.ActiveCfg = Release|Any CPU
		{744411E3-9DF8-4813-AD74-BF2509EF1655}.Release|Any CPU.Build.0 = Release|Any CPU
	EndGlobalSection
	GlobalSection(SolutionProperties) = preSolution
		HideSolutionNode = FALSE
	EndGlobalSection
EndGlobal
