
Microsoft Visual Studio Solution File, Format Version 12.00
# Visual Studio 2012
Project("{FAE04EC0-301F-11D3-BF4B-00C04F79EFBC}") = "ConsoleApplication39", "ConsoleApplication39\ConsoleApplication39.csproj", "{AA2C3F53-8B88-429B-91E1-7883E2B943F8}"
EndProject
Global
	GlobalSection(SolutionConfigurationPlatforms) = preSolution
		Debug|Any CPU = Debug|Any CPU
		Release|Any CPU = Release|Any CPU
	EndGlobalSection
	GlobalSection(ProjectConfigurationPlatforms) = postSolution
		{AA2C3F53-8B88-429B-91E1-7883E2B943F8}.Debug|Any CPU.ActiveCfg = Debug|Any CPU
		{AA2C3F53-8B88-429B-91E1-7883E2B943F8}.Debug|Any CPU.Build.0 = Debug|Any CPU
		{AA2C3F53-8B88-429B-91E1-7883E2B943F8}.Release|Any CPU.ActiveCfg = Release|Any CPU
		{AA2C3F53-8B88-429B-91E1-7883E2B943F8}.Release|Any CPU.Build.0 = Release|Any CPU
	EndGlobalSection
	GlobalSection(SolutionProperties) = preSolution
		HideSolutionNode = FALSE
	EndGlobalSection
EndGlobal
