
Microsoft Visual Studio Solution File, Format Version 12.00
# Visual Studio 2012
Project("{FAE04EC0-301F-11D3-BF4B-00C04F79EFBC}") = "polymorphism(Run time)", "polymorphism(Run time)\polymorphism(Run time).csproj", "{AAD0C7B0-3767-4E63-A552-33EF347C129B}"
EndProject
Global
	GlobalSection(SolutionConfigurationPlatforms) = preSolution
		Debug|Any CPU = Debug|Any CPU
		Release|Any CPU = Release|Any CPU
	EndGlobalSection
	GlobalSection(ProjectConfigurationPlatforms) = postSolution
		{AAD0C7B0-3767-4E63-A552-33EF347C129B}.Debug|Any CPU.ActiveCfg = Debug|Any CPU
		{AAD0C7B0-3767-4E63-A552-33EF347C129B}.Debug|Any CPU.Build.0 = Debug|Any CPU
		{AAD0C7B0-3767-4E63-A552-33EF347C129B}.Release|Any CPU.ActiveCfg = Release|Any CPU
		{AAD0C7B0-3767-4E63-A552-33EF347C129B}.Release|Any CPU.Build.0 = Release|Any CPU
	EndGlobalSection
	GlobalSection(SolutionProperties) = preSolution
		HideSolutionNode = FALSE
	EndGlobalSection
EndGlobal
