
Microsoft Visual Studio Solution File, Format Version 12.00
# Visual Studio 2012
Project("{FAE04EC0-301F-11D3-BF4B-00C04F79EFBC}") = "binTodec", "binTodec\binTodec.csproj", "{45FA7087-9D2B-4106-B3C5-6C3FD974EB4C}"
EndProject
Global
	GlobalSection(SolutionConfigurationPlatforms) = preSolution
		Debug|Any CPU = Debug|Any CPU
		Release|Any CPU = Release|Any CPU
	EndGlobalSection
	GlobalSection(ProjectConfigurationPlatforms) = postSolution
		{45FA7087-9D2B-4106-B3C5-6C3FD974EB4C}.Debug|Any CPU.ActiveCfg = Debug|Any CPU
		{45FA7087-9D2B-4106-B3C5-6C3FD974EB4C}.Debug|Any CPU.Build.0 = Debug|Any CPU
		{45FA7087-9D2B-4106-B3C5-6C3FD974EB4C}.Release|Any CPU.ActiveCfg = Release|Any CPU
		{45FA7087-9D2B-4106-B3C5-6C3FD974EB4C}.Release|Any CPU.Build.0 = Release|Any CPU
	EndGlobalSection
	GlobalSection(SolutionProperties) = preSolution
		HideSolutionNode = FALSE
	EndGlobalSection
EndGlobal
