
Microsoft Visual Studio Solution File, Format Version 12.00
# Visual Studio 2012
Project("{FAE04EC0-301F-11D3-BF4B-00C04F79EFBC}") = "slider_try", "slider_try\slider_try.csproj", "{3FFB7F5F-B455-4152-8095-3F3CE6AF4D76}"
EndProject
Global
	GlobalSection(SolutionConfigurationPlatforms) = preSolution
		Debug|Any CPU = Debug|Any CPU
		Release|Any CPU = Release|Any CPU
	EndGlobalSection
	GlobalSection(ProjectConfigurationPlatforms) = postSolution
		{3FFB7F5F-B455-4152-8095-3F3CE6AF4D76}.Debug|Any CPU.ActiveCfg = Debug|Any CPU
		{3FFB7F5F-B455-4152-8095-3F3CE6AF4D76}.Debug|Any CPU.Build.0 = Debug|Any CPU
		{3FFB7F5F-B455-4152-8095-3F3CE6AF4D76}.Release|Any CPU.ActiveCfg = Release|Any CPU
		{3FFB7F5F-B455-4152-8095-3F3CE6AF4D76}.Release|Any CPU.Build.0 = Release|Any CPU
	EndGlobalSection
	GlobalSection(SolutionProperties) = preSolution
		HideSolutionNode = FALSE
	EndGlobalSection
EndGlobal
